<?xml version="1.0" encoding="utf-8"?>
<Project ToolsVersion="4.0" xmlns="http://schemas.microsoft.com/developer/msbuild/2003">
  <ItemGroup>
    <Filter Include="Source Files">
      <UniqueIdentifier>{4FC737F1-C7A5-4376-A066-2A32D752A2FF}</UniqueIdentifier>
      <Extensions>cpp;c;cc;cxx;def;odl;idl;hpj;bat;asm;asmx</Extensions>
    </Filter>
    <Filter Include="Header Files">
      <UniqueIdentifier>{93995380-89BD-4b04-88EB-625FBE52EBFB}</UniqueIdentifier>
      <Extensions>h;hh;hpp;hxx;hm;inl;inc;xsd</Extensions>
    </Filter>
    <Filter Include="Resource Files">
      <UniqueIdentifier>{67DA6AB6-F800-4c08-8B7A-83BB121AAD01}</UniqueIdentifier>
      <Extensions>rc;ico;cur;bmp;dlg;rc2;rct;bin;rgs;gif;jpg;jpeg;jpe;resx;tiff;tif;png;wav;mfcribbon-ms</Extensions>
    </Filter>
  </ItemGroup>
  <ItemGroup>
    <ClCompile Include="Main.cpp">
      <Filter>Source Files</Filter>
    </ClCompile>
    <ClCompile Include="Source\Win32\Win32Create.cpp">
      <Filter>Source Files</Filter>
    </ClCompile>
    <ClCompile Include="Source\Win32\Win32FileListener.cpp">
      <Filter>Source Files</Filter>
    </ClCompile>
    <ClCompile Include="Source\Win32\Win32Utilities.cpp">
      <Filter>Source Files</Filter>
    </ClCompile>
    <ClCompile Include="Source\Win32\Win32Window.cpp">
      <Filter>Source Files</Filter>
    </ClCompile>
    <ClCompile Include="Source\OpenGL\GLPipelineState.cpp">
      <Filter>Source Files</Filter>
    </ClCompile>
    <ClCompile Include="Source\OpenGL\GLShader.cpp">
      <Filter>Source Files</Filter>
    </ClCompile>
    <ClCompile Include="Source\OpenGL\GLVertexBuffer.cpp">
      <Filter>Source Files</Filter>
    </ClCompile>
    <ClCompile Include="Source\D3D11\D3D11PipelineState.cpp">
      <Filter>Source Files</Filter>
    </ClCompile>
    <ClCompile Include="Source\D3D11\D3D11Shader.cpp">
      <Filter>Source Files</Filter>
    </ClCompile>
    <ClCompile Include="Source\D3D11\D3D11Utilities.cpp">
      <Filter>Source Files</Filter>
    </ClCompile>
    <ClCompile Include="Source\Core\FileManegment\FileListener.cpp">
      <Filter>Source Files</Filter>
    </ClCompile>
    <ClCompile Include="Source\Core\Graphics\Color.cpp">
      <Filter>Source Files</Filter>
    </ClCompile>
    <ClCompile Include="Source\Core\Graphics\ColorF.cpp">
      <Filter>Source Files</Filter>
    </ClCompile>
    <ClCompile Include="Source\Core\Math\MathUtilities.cpp">
      <Filter>Source Files</Filter>
    </ClCompile>
    <ClCompile Include="Source\Core\Math\Matrix2.cpp">
      <Filter>Source Files</Filter>
    </ClCompile>
    <ClCompile Include="Source\Core\Math\Matrix3.cpp">
      <Filter>Source Files</Filter>
    </ClCompile>
    <ClCompile Include="Source\Core\Math\Matrix4.cpp">
      <Filter>Source Files</Filter>
    </ClCompile>
    <ClCompile Include="Source\Core\Math\Point.cpp">
      <Filter>Source Files</Filter>
    </ClCompile>
    <ClCompile Include="Source\Core\Math\Rectangle.cpp">
      <Filter>Source Files</Filter>
    </ClCompile>
    <ClCompile Include="Source\Core\Math\Vector2.cpp">
      <Filter>Source Files</Filter>
    </ClCompile>
    <ClCompile Include="Source\Core\Math\Vector3.cpp">
      <Filter>Source Files</Filter>
    </ClCompile>
    <ClCompile Include="Source\Core\Math\Vector4.cpp">
      <Filter>Source Files</Filter>
    </ClCompile>
    <ClCompile Include="Source\Core\Parsing\OBJFormat.cpp">
      <Filter>Source Files</Filter>
    </ClCompile>
    <ClCompile Include="Source\Core\Utilities\Clock.cpp">
      <Filter>Source Files</Filter>
    </ClCompile>
    <ClCompile Include="Source\Core\Utilities\Random.cpp">
      <Filter>Source Files</Filter>
    </ClCompile>
    <ClCompile Include="Source\Core\Utilities\StringHelper.cpp">
      <Filter>Source Files</Filter>
    </ClCompile>
    <ClCompile Include="Source\Core\Utilities\Time.cpp">
      <Filter>Source Files</Filter>
    </ClCompile>
    <ClCompile Include="Source\Core\Utilities\Utilities.cpp">
      <Filter>Source Files</Filter>
    </ClCompile>
    <ClCompile Include="Source\Core\Window.cpp">
      <Filter>Source Files</Filter>
    </ClCompile>
    <ClCompile Include="Source\D3D11\D3D11VertexBuffer.cpp">
      <Filter>Source Files</Filter>
    </ClCompile>
    <ClCompile Include="Source\OpenGL\GLIndexBuffer.cpp">
      <Filter>Source Files</Filter>
    </ClCompile>
    <ClCompile Include="Source\D3D11\D3D11IndexBuffer.cpp">
      <Filter>Source Files</Filter>
    </ClCompile>
    <ClCompile Include="Source\OpenGL\GLUniformBuffer.cpp">
      <Filter>Source Files</Filter>
    </ClCompile>
    <ClCompile Include="Source\D3D11\D3D11UniformBuffer.cpp">
      <Filter>Source Files</Filter>
    </ClCompile>
    <ClCompile Include="Source\OpenGL\GLRenderTarget2D.cpp">
      <Filter>Source Files</Filter>
    </ClCompile>
    <ClCompile Include="Source\OpenGL\GLTexture2D.cpp">
      <Filter>Source Files</Filter>
    </ClCompile>
    <ClCompile Include="Source\OpenGL\GLFrameBuffer.cpp">
      <Filter>Source Files</Filter>
    </ClCompile>
    <ClCompile Include="Source\Core\Graphics\RenderManager.cpp">
      <Filter>Source Files</Filter>
    </ClCompile>
    <ClCompile Include="Source\D3D11\D3D11Texture2D.cpp">
      <Filter>Source Files</Filter>
    </ClCompile>
    <ClCompile Include="Source\D3D11\D3D11RenderTarget2D.cpp">
      <Filter>Source Files</Filter>
    </ClCompile>
    <ClCompile Include="Source\D3D11\D3D11FrameBuffer.cpp">
      <Filter>Source Files</Filter>
    </ClCompile>
    <ClCompile Include="Source\Core\Graphics\Mesh.cpp">
      <Filter>Source Files</Filter>
    </ClCompile>
    <ClCompile Include="Source\OpenGL\GLUtilities.cpp">
      <Filter>Source Files</Filter>
    </ClCompile>
    <ClCompile Include="Source\Core\Graphics\Camera.cpp">
      <Filter>Source Files</Filter>
    </ClCompile>
    <ClCompile Include="Source\Core\Graphics\Camera3D.cpp">
      <Filter>Source Files</Filter>
    </ClCompile>
    <ClCompile Include="Source\Core\Graphics\MeshFactory.cpp">
      <Filter>Source Files</Filter>
    </ClCompile>
    <ClCompile Include="Source\Core\Input\KeyboardState.cpp">
      <Filter>Source Files</Filter>
    </ClCompile>
    <ClCompile Include="Source\Win32\Win32Input.cpp">
      <Filter>Source Files</Filter>
    </ClCompile>
    <ClCompile Include="Source\Core\Physics\Transform3D.cpp">
      <Filter>Source Files</Filter>
    </ClCompile>
    <ClCompile Include="Source\D3D11\D3D11DepthBuffer.cpp">
      <Filter>Source Files</Filter>
    </ClCompile>
    <ClCompile Include="Source\OpenGL\GLDepthBuffer.cpp">
      <Filter>Source Files</Filter>
    </ClCompile>
    <ClCompile Include="Source\D3D11\D3D11RenderTargetDepth.cpp">
      <Filter>Source Files</Filter>
    </ClCompile>
    <ClCompile Include="Source\OpenGL\GLRenderTargetDepth.cpp">
      <Filter>Source Files</Filter>
    </ClCompile>
    <ClCompile Include="Source\Core\Graphics\Camera2D.cpp">
      <Filter>Source Files</Filter>
    </ClCompile>
    <ClCompile Include="Source\Core\Graphics\DirectionalLight.cpp">
      <Filter>Source Files</Filter>
    </ClCompile>
    <ClCompile Include="Source\Core\Parsing\LoadTexture.cpp">
      <Filter>Source Files</Filter>
    </ClCompile>
    <ClCompile Include="Source\D3D11\D3D11TextureCube.cpp">
      <Filter>Source Files</Filter>
    </ClCompile>
    <ClCompile Include="Source\Core\Input\MouseState.cpp">
      <Filter>Source Files</Filter>
    </ClCompile>
    <ClCompile Include="Source\OpenGL\GLTextureCube.cpp">
      <Filter>Source Files</Filter>
    </ClCompile>
    <ClCompile Include="Source\Core\Graphics\Terrain.cpp">
      <Filter>Source Files</Filter>
    </ClCompile>
    <ClCompile Include="Source\D3D11\D3D11DeviceContext.cpp">
      <Filter>Source Files</Filter>
    </ClCompile>
    <ClCompile Include="Source\OpenGL\GLDeviceContext.cpp">
      <Filter>Source Files</Filter>
    </ClCompile>
    <ClCompile Include="Source\Win32\Win32GLDeviceContext.cpp">
      <Filter>Source Files</Filter>
    </ClCompile>
    <ClCompile Include="Source\Core\Graphics\PBRMaterial.cpp">
      <Filter>Source Files</Filter>
    </ClCompile>
    <ClCompile Include="Source\Core\Graphics\Material.cpp">
      <Filter>Source Files</Filter>
    </ClCompile>
    <ClCompile Include="Source\D3D11\D3D11InputLayout.cpp">
      <Filter>Source Files</Filter>
    </ClCompile>
    <ClCompile Include="Source\OpenGL\GLInputLayout.cpp">
      <Filter>Source Files</Filter>
    </ClCompile>
    <ClCompile Include="Source\Core\Graphics\ShaderHelper\ShaderConverter.cpp">
      <Filter>Source Files</Filter>
    </ClCompile>
  </ItemGroup>
  <ItemGroup>
    <ClInclude Include="Dependencies\glew-2.1.0\include\GL\wglew.h">
      <Filter>Header Files</Filter>
    </ClInclude>
    <ClInclude Include="Dependencies\glew-2.1.0\include\GL\glxew.h">
      <Filter>Header Files</Filter>
    </ClInclude>
    <ClInclude Include="Dependencies\glew-2.1.0\include\GL\glew.h">
      <Filter>Header Files</Filter>
    </ClInclude>
    <ClInclude Include="Dependencies\glew-2.1.0\include\GL\eglew.h">
      <Filter>Header Files</Filter>
    </ClInclude>
    <ClInclude Include="Source\Defines.h">
      <Filter>Header Files</Filter>
    </ClInclude>
    <ClInclude Include="Source\OpenGL\GLPipelineState.h">
      <Filter>Header Files</Filter>
    </ClInclude>
    <ClInclude Include="Source\OpenGL\GLShader.h">
      <Filter>Header Files</Filter>
    </ClInclude>
    <ClInclude Include="Source\OpenGL\GLVertexBuffer.h">
      <Filter>Header Files</Filter>
    </ClInclude>
    <ClInclude Include="Source\D3D11\D3D11PipelineState.h">
      <Filter>Header Files</Filter>
    </ClInclude>
    <ClInclude Include="Source\D3D11\D3D11Shader.h">
      <Filter>Header Files</Filter>
    </ClInclude>
    <ClInclude Include="Source\D3D11\D3D11Utilities.h">
      <Filter>Header Files</Filter>
    </ClInclude>
    <ClInclude Include="Source\Core\FileManegment\FileListener.h">
      <Filter>Header Files</Filter>
    </ClInclude>
    <ClInclude Include="Source\Core\FileManegment\IFileCallback.h">
      <Filter>Header Files</Filter>
    </ClInclude>
    <ClInclude Include="Source\Core\Graphics\Color.h">
      <Filter>Header Files</Filter>
    </ClInclude>
    <ClInclude Include="Source\Core\Graphics\ColorF.h">
      <Filter>Header Files</Filter>
    </ClInclude>
    <ClInclude Include="Source\Core\Graphics\ModelData.h">
      <Filter>Header Files</Filter>
    </ClInclude>
    <ClInclude Include="Source\Core\Math\Math.h">
      <Filter>Header Files</Filter>
    </ClInclude>
    <ClInclude Include="Source\Core\Math\MathUtilities.h">
      <Filter>Header Files</Filter>
    </ClInclude>
    <ClInclude Include="Source\Core\Math\Matrix2.h">
      <Filter>Header Files</Filter>
    </ClInclude>
    <ClInclude Include="Source\Core\Math\Matrix3.h">
      <Filter>Header Files</Filter>
    </ClInclude>
    <ClInclude Include="Source\Core\Math\Matrix4.h">
      <Filter>Header Files</Filter>
    </ClInclude>
    <ClInclude Include="Source\Core\Math\Point.h">
      <Filter>Header Files</Filter>
    </ClInclude>
    <ClInclude Include="Source\Core\Math\Rectangle.h">
      <Filter>Header Files</Filter>
    </ClInclude>
    <ClInclude Include="Source\Core\Math\Vector2.h">
      <Filter>Header Files</Filter>
    </ClInclude>
    <ClInclude Include="Source\Core\Math\Vector3.h">
      <Filter>Header Files</Filter>
    </ClInclude>
    <ClInclude Include="Source\Core\Math\Vector4.h">
      <Filter>Header Files</Filter>
    </ClInclude>
    <ClInclude Include="Source\Core\Parsing\OBJFormat.h">
      <Filter>Header Files</Filter>
    </ClInclude>
    <ClInclude Include="Source\Core\Utilities\Clock.h">
      <Filter>Header Files</Filter>
    </ClInclude>
    <ClInclude Include="Source\Core\Utilities\Random.h">
      <Filter>Header Files</Filter>
    </ClInclude>
    <ClInclude Include="Source\Core\Utilities\StringHelper.h">
      <Filter>Header Files</Filter>
    </ClInclude>
    <ClInclude Include="Source\Core\Utilities\Time.h">
      <Filter>Header Files</Filter>
    </ClInclude>
    <ClInclude Include="Source\Core\Utilities\Utilities.h">
      <Filter>Header Files</Filter>
    </ClInclude>
    <ClInclude Include="Source\Core\Window.h">
      <Filter>Header Files</Filter>
    </ClInclude>
    <ClInclude Include="Source\D3D11\D3D11VertexBuffer.h">
      <Filter>Header Files</Filter>
    </ClInclude>
    <ClInclude Include="Source\OpenGL\GLIndexBuffer.h">
      <Filter>Header Files</Filter>
    </ClInclude>
    <ClInclude Include="Source\OpenGL\GLUtilities.h">
      <Filter>Header Files</Filter>
    </ClInclude>
    <ClInclude Include="Source\D3D11\D3D11IndexBuffer.h">
      <Filter>Header Files</Filter>
    </ClInclude>
    <ClInclude Include="Source\OpenGL\GLUniformBuffer.h">
      <Filter>Header Files</Filter>
    </ClInclude>
    <ClInclude Include="Source\D3D11\D3D11UniformBuffer.h">
      <Filter>Header Files</Filter>
    </ClInclude>
    <ClInclude Include="Source\OpenGL\GLRenderTarget2D.h">
      <Filter>Header Files</Filter>
    </ClInclude>
    <ClInclude Include="Source\OpenGL\GLTexture2D.h">
      <Filter>Header Files</Filter>
    </ClInclude>
    <ClInclude Include="Source\OpenGL\GLFrameBuffer.h">
      <Filter>Header Files</Filter>
    </ClInclude>
    <ClInclude Include="Source\Core\Graphics\RenderManager.h">
      <Filter>Header Files</Filter>
    </ClInclude>
    <ClInclude Include="Source\D3D11\D3D11Texture2D.h">
      <Filter>Header Files</Filter>
    </ClInclude>
    <ClInclude Include="Source\D3D11\D3D11RenderTarget2D.h">
      <Filter>Header Files</Filter>
    </ClInclude>
    <ClInclude Include="Source\D3D11\D3D11FrameBuffer.h">
      <Filter>Header Files</Filter>
    </ClInclude>
    <ClInclude Include="Source\Core\Graphics\Mesh.h">
      <Filter>Header Files</Filter>
    </ClInclude>
    <ClInclude Include="Source\Core\Graphics\Camera.h">
      <Filter>Header Files</Filter>
    </ClInclude>
    <ClInclude Include="Source\Core\Graphics\Camera3D.h">
      <Filter>Header Files</Filter>
    </ClInclude>
    <ClInclude Include="Source\Core\Graphics\MeshFactory.h">
      <Filter>Header Files</Filter>
    </ClInclude>
    <ClInclude Include="Source\Core\Input\KeyboardState.h">
      <Filter>Header Files</Filter>
    </ClInclude>
    <ClInclude Include="Source\Core\Physics\Transform3D.h">
      <Filter>Header Files</Filter>
    </ClInclude>
    <ClInclude Include="Source\Core\Physics\ITransformable3D.h">
      <Filter>Header Files</Filter>
    </ClInclude>
    <ClInclude Include="Source\D3D11\D3D11DepthBuffer.h">
      <Filter>Header Files</Filter>
    </ClInclude>
    <ClInclude Include="Source\OpenGL\GLDepthBuffer.h">
      <Filter>Header Files</Filter>
    </ClInclude>
    <ClInclude Include="Source\D3D11\D3D11RenderTargetDepth.h">
      <Filter>Header Files</Filter>
    </ClInclude>
    <ClInclude Include="Source\OpenGL\GLRenderTargetDepth.h">
      <Filter>Header Files</Filter>
    </ClInclude>
    <ClInclude Include="Source\Core\Graphics\Camera2D.h">
      <Filter>Header Files</Filter>
    </ClInclude>
    <ClInclude Include="Source\Core\Graphics\DirectionalLight.h">
      <Filter>Header Files</Filter>
    </ClInclude>
    <ClInclude Include="Source\Core\Parsing\LoadTexture.h">
      <Filter>Header Files</Filter>
    </ClInclude>
    <ClInclude Include="Dependencies\stb_image\stb_image.h">
      <Filter>Header Files</Filter>
    </ClInclude>
    <ClInclude Include="Source\D3D11\D3D11TextureCube.h">
      <Filter>Header Files</Filter>
    </ClInclude>
    <ClInclude Include="Source\Core\Input\MouseState.h">
      <Filter>Header Files</Filter>
    </ClInclude>
    <ClInclude Include="Source\OpenGL\GLTextureCube.h">
      <Filter>Header Files</Filter>
    </ClInclude>
    <ClInclude Include="Source\Core\Graphics\Terrain.h">
      <Filter>Header Files</Filter>
    </ClInclude>
    <ClInclude Include="Source\Core\Memory\EngineObject.h">
      <Filter>Header Files</Filter>
    </ClInclude>
    <ClInclude Include="Source\D3D11\D3D11DeviceContext.h">
      <Filter>Header Files</Filter>
    </ClInclude>
    <ClInclude Include="Source\OpenGL\GLDeviceContext.h">
      <Filter>Header Files</Filter>
    </ClInclude>
    <ClInclude Include="Source\Core\Graphics\Material.h">
      <Filter>Header Files</Filter>
    </ClInclude>
    <ClInclude Include="Source\Core\Graphics\PBRMaterial.h">
      <Filter>Header Files</Filter>
    </ClInclude>
    <ClInclude Include="Source\D3D11\D3D11InputLayout.h">
      <Filter>Header Files</Filter>
    </ClInclude>
    <ClInclude Include="Source\OpenGL\GLInputLayout.h">
      <Filter>Header Files</Filter>
    </ClInclude>
    <ClInclude Include="Source\Core\Graphics\DeferredRenderer.h">
      <Filter>Header Files</Filter>
    </ClInclude>
    <ClInclude Include="Source\Core\Graphics\API\IDepthBuffer.h">
      <Filter>Header Files</Filter>
    </ClInclude>
    <ClInclude Include="Source\Core\Graphics\API\IDeviceContext.h">
      <Filter>Header Files</Filter>
    </ClInclude>
    <ClInclude Include="Source\Core\Graphics\API\IFrameBuffer.h">
      <Filter>Header Files</Filter>
    </ClInclude>
    <ClInclude Include="Source\Core\Graphics\API\IIndexBuffer.h">
      <Filter>Header Files</Filter>
    </ClInclude>
    <ClInclude Include="Source\Core\Graphics\API\IInputLayout.h">
      <Filter>Header Files</Filter>
    </ClInclude>
    <ClInclude Include="Source\Core\Graphics\API\IPipelineState.h">
      <Filter>Header Files</Filter>
    </ClInclude>
    <ClInclude Include="Source\Core\Graphics\API\IRenderTarget2D.h">
      <Filter>Header Files</Filter>
    </ClInclude>
    <ClInclude Include="Source\Core\Graphics\API\IRenderTargetDepth.h">
      <Filter>Header Files</Filter>
    </ClInclude>
    <ClInclude Include="Source\Core\Graphics\API\IResource.h">
      <Filter>Header Files</Filter>
    </ClInclude>
    <ClInclude Include="Source\Core\Graphics\API\IShader.h">
      <Filter>Header Files</Filter>
    </ClInclude>
    <ClInclude Include="Source\Core\Graphics\API\ITexture.h">
      <Filter>Header Files</Filter>
    </ClInclude>
    <ClInclude Include="Source\Core\Graphics\API\ITexture2D.h">
      <Filter>Header Files</Filter>
    </ClInclude>
    <ClInclude Include="Source\Core\Graphics\API\ITextureCube.h">
      <Filter>Header Files</Filter>
    </ClInclude>
    <ClInclude Include="Source\Core\Graphics\API\IUniformBuffer.h">
      <Filter>Header Files</Filter>
    </ClInclude>
    <ClInclude Include="Source\Core\Graphics\API\IVertexBuffer.h">
      <Filter>Header Files</Filter>
    </ClInclude>
    <ClInclude Include="Source\Core\Graphics\ShaderHelper\ShaderConverter.h">
      <Filter>Header Files</Filter>
    </ClInclude>
  </ItemGroup>
  <ItemGroup>
    <Text Include="Dependencies\glew-2.1.0\LICENSE.txt" />
    <Text Include="ToDo.txt" />
  </ItemGroup>
  <ItemGroup>
    <Library Include="Dependencies\glew-2.1.0\lib\Release\x64\glew32s.lib" />
    <Library Include="Dependencies\glew-2.1.0\lib\Release\x64\glew32.lib" />
    <Library Include="Dependencies\glew-2.1.0\lib\Release\Win32\glew32s.lib" />
    <Library Include="Dependencies\glew-2.1.0\lib\Release\Win32\glew32.lib" />
  </ItemGroup>
  <ItemGroup>
    <None Include="Dependencies\glew-2.1.0\bin\Release\x64\visualinfo.exe" />
    <None Include="Dependencies\glew-2.1.0\bin\Release\x64\glewinfo.exe" />
    <None Include="Dependencies\glew-2.1.0\bin\Release\x64\glew32.dll" />
    <None Include="Dependencies\glew-2.1.0\bin\Release\Win32\visualinfo.exe" />
    <None Include="Dependencies\glew-2.1.0\bin\Release\Win32\glew32.dll" />
    <None Include="Dependencies\glew-2.1.0\bin\Release\Win32\glewinfo.exe" />
    <None Include="Meshes\plane.mtl" />
    <None Include="Shaders\DeferredPassVS.glsl" />
    <None Include="Shaders\DeferredPassPS.glsl" />
    <None Include="Shaders\ShadowPassPS.glsl" />
    <None Include="Shaders\ShadowPassVS.glsl" />
    <None Include="Shaders\PBRLightPassPS.glsl" />
    <None Include="Shaders\FullscreenQuadVS.glsl" />
    <None Include="Shaders\HDRGammaPassPS.glsl" />
    <None Include="Shaders\BackfaceCullingGS.glsl" />
    <None Include="Shaders\TerrainHS.glsl" />
    <None Include="Shaders\TerrainDS.glsl" />
    <None Include="Shaders\TerrainVS.glsl" />
    <None Include="Shaders\GlowPS.glsl" />
    <None Include="Shaders\TerrainPS.glsl" />
  </ItemGroup>
  <ItemGroup>
    <Object Include="Meshes\plane.obj" />
  </ItemGroup>
  <ItemGroup>
    <FxCompile Include="Shaders\DeferredPassVS.hlsl" />
    <FxCompile Include="Shaders\DeferredPassPS.hlsl" />
    <FxCompile Include="Shaders\ShadowPassVS.hlsl" />
    <FxCompile Include="Shaders\ShadowPassPS.hlsl" />
    <FxCompile Include="Shaders\PBRLightPassPS.hlsl" />
    <FxCompile Include="Shaders\FullscreenQuadVS.hlsl" />
    <FxCompile Include="Shaders\HDRGammaPassPS.hlsl" />
    <FxCompile Include="Shaders\TerrainHS.hlsl" />
    <FxCompile Include="Shaders\TerrainDS.hlsl" />
    <FxCompile Include="Shaders\BackfaceCullingGS.hlsl" />
    <FxCompile Include="Shaders\TerrainVS.hlsl" />
    <FxCompile Include="Shaders\GlowPS.hlsl" />
    <FxCompile Include="Shaders\TerrainPS.hlsl" />
  </ItemGroup>
  <ItemGroup>
    <Image Include="Textures\integrationMap.png">
      <Filter>Resource Files</Filter>
    </Image>
    <Image Include="Textures\Arches\arches_0.png">
      <Filter>Resource Files</Filter>
    </Image>
    <Image Include="Textures\Arches\arches_1.png">
      <Filter>Resource Files</Filter>
    </Image>
    <Image Include="Textures\Arches\arches_2.png">
      <Filter>Resource Files</Filter>
    </Image>
    <Image Include="Textures\Arches\arches_3.png">
      <Filter>Resource Files</Filter>
    </Image>
    <Image Include="Textures\Arches\arches_4.png">
      <Filter>Resource Files</Filter>
    </Image>
    <Image Include="Textures\Arches\arches_5.png">
      <Filter>Resource Files</Filter>
    </Image>
    <Image Include="Textures\Arches\arches_6.png">
      <Filter>Resource Files</Filter>
    </Image>
    <Image Include="Textures\Arches\arches_7.png">
      <Filter>Resource Files</Filter>
    </Image>
    <Image Include="Textures\Arches\arches_8.png">
      <Filter>Resource Files</Filter>
    </Image>
    <Image Include="Textures\Arches\arches_9.png">
      <Filter>Resource Files</Filter>
    </Image>
    <Image Include="Textures\Arches\arches_10.png">
      <Filter>Resource Files</Filter>
    </Image>
    <Image Include="Textures\Arches\arches_irrad.png">
      <Filter>Resource Files</Filter>
    </Image>
    <Image Include="Textures\Sand\albedo.tga" />
    <Image Include="Textures\Sand\ao.tga" />
    <Image Include="Textures\Sand\glossness.tga" />
    <Image Include="Textures\Sand\height.tga" />
    <Image Include="Textures\Sand\normal.tga" />
    <Image Include="Textures\Sand\roughness.tga" />
    <Image Include="Textures\Brick\albedo.png">
      <Filter>Resource Files</Filter>
    </Image>
    <Image Include="Textures\Brick\ao.png">
      <Filter>Resource Files</Filter>
    </Image>
    <Image Include="Textures\Brick\height.png">
      <Filter>Resource Files</Filter>
    </Image>
    <Image Include="Textures\Brick\metal.png">
      <Filter>Resource Files</Filter>
    </Image>
    <Image Include="Textures\Brick\normal.png">
      <Filter>Resource Files</Filter>
    </Image>
    <Image Include="Textures\Brick\roughness.png">
      <Filter>Resource Files</Filter>
    </Image>
    <Image Include="Textures\heightTerrain.png">
      <Filter>Resource Files</Filter>
    </Image>
    <Image Include="Textures\Granit\albedo.png">
      <Filter>Resource Files</Filter>
    </Image>
    <Image Include="Textures\Granit\ao.png">
      <Filter>Resource Files</Filter>
    </Image>
    <Image Include="Textures\Granit\height.png">
      <Filter>Resource Files</Filter>
    </Image>
    <Image Include="Textures\Granit\metal.png">
      <Filter>Resource Files</Filter>
    </Image>
    <Image Include="Textures\Granit\normal.png">
      <Filter>Resource Files</Filter>
    </Image>
    <Image Include="Textures\Granit\roughness.png">
      <Filter>Resource Files</Filter>
    </Image>
  </ItemGroup>
</Project>